{
  "nodes": {
    "fenix": {
      "inputs": {
        "nixpkgs": [
          "nixpkgs"
        ],
        "rust-analyzer-src": "rust-analyzer-src"
      },
      "locked": {
        "lastModified": 1758695884,
        "narHash": "sha256-rnHjtBRkcwRkrUZxg0RqN1qWTG+QC/gj4vn9uzEkBww=",
        "owner": "nix-community",
        "repo": "fenix",
        "rev": "9cdb79384d02234fb2868eba6c7d390253ef6f83",
        "type": "github"
      },
      "original": {
        "owner": "nix-community",
        "repo": "fenix",
        "type": "github"
      }
    },
    "nixpkgs": {
      "locked": {
        "lastModified": 1758427187,
        "narHash": "sha256-pHpxZ/IyCwoTQPtFIAG2QaxuSm8jWzrzBGjwQZIttJc=",
        "rev": "554be6495561ff07b6c724047bdd7e0716aa7b46",
        "revCount": 864611,
        "type": "tarball",
        "url": "https://api.flakehub.com/f/pinned/NixOS/nixpkgs/0.1.864611%2Brev-554be6495561ff07b6c724047bdd7e0716aa7b46/0199755d-a067-72e1-809e-c993dced7a20/source.tar.gz"
      },
      "original": {
        "type": "tarball",
        "url": "https://flakehub.com/f/NixOS/nixpkgs/0.1"
      }
    },
    "root": {
      "inputs": {
        "fenix": "fenix",
        "nixpkgs": "nixpkgs"
      }
    },
    "rust-analyzer-src": {
      "flake": false,
      "locked": {
        "lastModified": 1758620797,
        "narHash": "sha256-Ly4rHgrixFMBnkbMursVt74mxnntnE6yVdF5QellJ+A=",
        "owner": "rust-lang",
        "repo": "rust-analyzer",
        "rev": "905641f3520230ad6ef421bcf5da9c6b49f2479b",
        "type": "github"
      },
      "original": {
        "owner": "rust-lang",
        "ref": "nightly",
        "repo": "rust-analyzer",
        "type": "github"
      }
    }
  },
  "root": "root",
  "version": 7
}
